
Microsoft Visual Studio Solution File, Format Version 12.00
# Visual Studio Version 17
VisualStudioVersion = 17.11.35312.102
MinimumVisualStudioVersion = 10.0.40219.1
Project("{FAE04EC0-301F-11D3-BF4B-00C04F79EFBC}") = "FinalProject", "FinalProject.csproj", "{ADA51076-5D53-432B-9AF9-CC37783C6059}"
EndProject
Global
	GlobalSection(SolutionConfigurationPlatforms) = preSolution
		Debug|Any CPU = Debug|Any CPU
		Release|Any CPU = Release|Any CPU
	EndGlobalSection
	GlobalSection(ProjectConfigurationPlatforms) = postSolution
		{ADA51076-5D53-432B-9AF9-CC37783C6059}.Debug|Any CPU.ActiveCfg = Debug|Any CPU
		{ADA51076-5D53-432B-9AF9-CC37783C6059}.Debug|Any CPU.Build.0 = Debug|Any CPU
		{ADA51076-5D53-432B-9AF9-CC37783C6059}.Release|Any CPU.ActiveCfg = Release|Any CPU
		{ADA51076-5D53-432B-9AF9-CC37783C6059}.Release|Any CPU.Build.0 = Release|Any CPU
	EndGlobalSection
	GlobalSection(SolutionProperties) = preSolution
		HideSolutionNode = FALSE
	EndGlobalSection
	GlobalSection(ExtensibilityGlobals) = postSolution
		SolutionGuid = {F3ECA910-FB3D-4663-9C4A-2324DAC13C86}
	EndGlobalSection
EndGlobal
